
Microsoft Visual Studio Solution File, Format Version 12.00
# Visual Studio Version 16
VisualStudioVersion = 16.0.29911.84
MinimumVisualStudioVersion = 10.0.40219.1
Project("{FAE04EC0-301F-11D3-BF4B-00C04F79EFBC}") = "Ejemplo", "Ejemplo\Ejemplo.csproj", "{F574DF74-49A5-4281-AE6C-4FFCF1C53889}"
EndProject
Global
	GlobalSection(SolutionConfigurationPlatforms) = preSolution
		Debug|Any CPU = Debug|Any CPU
		Release|Any CPU = Release|Any CPU
	EndGlobalSection
	GlobalSection(ProjectConfigurationPlatforms) = postSolution
		{F574DF74-49A5-4281-AE6C-4FFCF1C53889}.Debug|Any CPU.ActiveCfg = Debug|Any CPU
		{F574DF74-49A5-4281-AE6C-4FFCF1C53889}.Debug|Any CPU.Build.0 = Debug|Any CPU
		{F574DF74-49A5-4281-AE6C-4FFCF1C53889}.Release|Any CPU.ActiveCfg = Release|Any CPU
		{F574DF74-49A5-4281-AE6C-4FFCF1C53889}.Release|Any CPU.Build.0 = Release|Any CPU
	EndGlobalSection
	GlobalSection(SolutionProperties) = preSolution
		HideSolutionNode = FALSE
	EndGlobalSection
	GlobalSection(ExtensibilityGlobals) = postSolution
		SolutionGuid = {C4046DAF-E76C-4CA1-ADD9-F799F8EF4B33}
	EndGlobalSection
EndGlobal
